{
  "version": "5",
  "specifiers": {
    "npm:hono@^4.6.9": "4.12.14",
    "npm:jose@^5.9.6": "5.10.0",
    "npm:zod@^3.23.8": "3.25.76"
  },
  "npm": {
    "hono@4.12.14": {
      "integrity": "sha512-am5zfg3yu6sqn5yjKBNqhnTX7Cv+m00ox+7jbaKkrLMRJ4rAdldd1xPd/JzbBWspqaQv6RSTrgFN95EsfhC+7w=="
    },
    "jose@5.10.0": {
      "integrity": "sha512-s+3Al/p9g32Iq+oqXxkW//7jk2Vig6FF1CFqzVXoTUXt2qz89YWbL+OwS17NFYEvxC35n0FKeGO2LGYSxeM2Gg=="
    },
    "zod@3.25.76": {
      "integrity": "sha512-gzUt/qt81nXsFGKIFcC3YnfEAx5NkunCfnDlvuBSSFS02bcXu4Lmea0AFIUwbLWxWPx3d9p8S5QoaujKcNQxcQ=="
    }
  },
  "workspace": {
    "dependencies": [
      "npm:hono@^4.6.9",
      "npm:jose@^5.9.6",
      "npm:zod@^3.23.8"
    ]
  }
}
